
Microsoft Visual Studio Solution File, Format Version 12.00
# Visual Studio Version 17
VisualStudioVersion = 17.6.33723.286
MinimumVisualStudioVersion = 10.0.40219.1
Project("{9A19103F-16F7-4668-BE54-9A1E7A4F7556}") = "azure", "azure.csproj", "{66B78415-25FC-4FCB-85DE-07EDE889943F}"
EndProject
Project("{9A19103F-16F7-4668-BE54-9A1E7A4F7556}") = "EpubParser", "EpubParser\EpubParser.csproj", "{89081148-2394-45D3-A894-948466DC3E6A}"
EndProject
Global
	GlobalSection(SolutionConfigurationPlatforms) = preSolution
		Debug|Any CPU = Debug|Any CPU
		Release|Any CPU = Release|Any CPU
	EndGlobalSection
	GlobalSection(ProjectConfigurationPlatforms) = postSolution
		{66B78415-25FC-4FCB-85DE-07EDE889943F}.Debug|Any CPU.ActiveCfg = Debug|Any CPU
		{66B78415-25FC-4FCB-85DE-07EDE889943F}.Debug|Any CPU.Build.0 = Debug|Any CPU
		{66B78415-25FC-4FCB-85DE-07EDE889943F}.Release|Any CPU.ActiveCfg = Release|Any CPU
		{66B78415-25FC-4FCB-85DE-07EDE889943F}.Release|Any CPU.Build.0 = Release|Any CPU
		{89081148-2394-45D3-A894-948466DC3E6A}.Debug|Any CPU.ActiveCfg = Debug|Any CPU
		{89081148-2394-45D3-A894-948466DC3E6A}.Debug|Any CPU.Build.0 = Debug|Any CPU
		{89081148-2394-45D3-A894-948466DC3E6A}.Release|Any CPU.ActiveCfg = Release|Any CPU
		{89081148-2394-45D3-A894-948466DC3E6A}.Release|Any CPU.Build.0 = Release|Any CPU
	EndGlobalSection
	GlobalSection(SolutionProperties) = preSolution
		HideSolutionNode = FALSE
	EndGlobalSection
	GlobalSection(ExtensibilityGlobals) = postSolution
		SolutionGuid = {3782E87F-6D1B-4A59-829D-3ACFA4BEC72A}
	EndGlobalSection
EndGlobal
